
Microsoft Visual Studio Solution File, Format Version 12.00
# Visual Studio Version 17
VisualStudioVersion = 17.8.34330.188
MinimumVisualStudioVersion = 10.0.40219.1
Project("{FAE04EC0-301F-11D3-BF4B-00C04F79EFBC}") = "InterceptorsSample", "src\InterceptorsSample\InterceptorsSample.csproj", "{C343E0D8-60AD-49B6-9029-97BC75EFB8BC}"
EndProject
Global
	GlobalSection(SolutionConfigurationPlatforms) = preSolution
		Debug|Any CPU = Debug|Any CPU
		Release|Any CPU = Release|Any CPU
	EndGlobalSection
	GlobalSection(ProjectConfigurationPlatforms) = postSolution
		{C343E0D8-60AD-49B6-9029-97BC75EFB8BC}.Debug|Any CPU.ActiveCfg = Debug|Any CPU
		{C343E0D8-60AD-49B6-9029-97BC75EFB8BC}.Debug|Any CPU.Build.0 = Debug|Any CPU
		{C343E0D8-60AD-49B6-9029-97BC75EFB8BC}.Release|Any CPU.ActiveCfg = Release|Any CPU
		{C343E0D8-60AD-49B6-9029-97BC75EFB8BC}.Release|Any CPU.Build.0 = Release|Any CPU
	EndGlobalSection
	GlobalSection(SolutionProperties) = preSolution
		HideSolutionNode = FALSE
	EndGlobalSection
	GlobalSection(ExtensibilityGlobals) = postSolution
		SolutionGuid = {859D0EED-2788-40C3-A386-D67D8A8FC5A2}
	EndGlobalSection
EndGlobal
